
Microsoft Visual Studio Solution File, Format Version 12.00
# Visual Studio 15
Project("{FAE04EC0-301F-11D3-BF4B-00C04F79EFBC}") = "XFFormattedStringBug.Android", "XFFormattedStringBug.Android\XFFormattedStringBug.Android.csproj", "{0217AE66-7297-49AB-B24D-3220A5246BEB}"
EndProject
Project("{FAE04EC0-301F-11D3-BF4B-00C04F79EFBC}") = "XFFormattedStringBug.iOS", "XFFormattedStringBug.iOS\XFFormattedStringBug.iOS.csproj", "{1B8856F8-FA47-4A46-98C1-5CD288D1F8A9}"
EndProject
Project("{FAE04EC0-301F-11D3-BF4B-00C04F79EFBC}") = "XFFormattedStringBug", "XFFormattedStringBug\XFFormattedStringBug.csproj", "{E74A77F2-0BBE-44EB-9D4B-3E836C21C2E3}"
EndProject
Global
	GlobalSection(SolutionConfigurationPlatforms) = preSolution
		Debug|Any CPU = Debug|Any CPU
		Release|Any CPU = Release|Any CPU
		Debug|iPhoneSimulator = Debug|iPhoneSimulator
		Release|iPhoneSimulator = Release|iPhoneSimulator
		Debug|iPhone = Debug|iPhone
		Release|iPhone = Release|iPhone
		Ad-Hoc|iPhone = Ad-Hoc|iPhone
		AppStore|iPhone = AppStore|iPhone
	EndGlobalSection
	GlobalSection(ProjectConfigurationPlatforms) = postSolution
		{0217AE66-7297-49AB-B24D-3220A5246BEB}.Debug|Any CPU.ActiveCfg = Debug|Any CPU
		{0217AE66-7297-49AB-B24D-3220A5246BEB}.Debug|Any CPU.Build.0 = Debug|Any CPU
		{0217AE66-7297-49AB-B24D-3220A5246BEB}.Release|Any CPU.ActiveCfg = Release|Any CPU
		{0217AE66-7297-49AB-B24D-3220A5246BEB}.Release|Any CPU.Build.0 = Release|Any CPU
		{0217AE66-7297-49AB-B24D-3220A5246BEB}.Debug|iPhoneSimulator.ActiveCfg = Debug|Any CPU
		{0217AE66-7297-49AB-B24D-3220A5246BEB}.Debug|iPhoneSimulator.Build.0 = Debug|Any CPU
		{0217AE66-7297-49AB-B24D-3220A5246BEB}.Release|iPhoneSimulator.ActiveCfg = Release|Any CPU
		{0217AE66-7297-49AB-B24D-3220A5246BEB}.Release|iPhoneSimulator.Build.0 = Release|Any CPU
		{0217AE66-7297-49AB-B24D-3220A5246BEB}.Debug|iPhone.ActiveCfg = Debug|Any CPU
		{0217AE66-7297-49AB-B24D-3220A5246BEB}.Debug|iPhone.Build.0 = Debug|Any CPU
		{0217AE66-7297-49AB-B24D-3220A5246BEB}.Release|iPhone.ActiveCfg = Release|Any CPU
		{0217AE66-7297-49AB-B24D-3220A5246BEB}.Release|iPhone.Build.0 = Release|Any CPU
		{0217AE66-7297-49AB-B24D-3220A5246BEB}.Ad-Hoc|iPhone.ActiveCfg = Debug|Any CPU
		{0217AE66-7297-49AB-B24D-3220A5246BEB}.Ad-Hoc|iPhone.Build.0 = Debug|Any CPU
		{0217AE66-7297-49AB-B24D-3220A5246BEB}.AppStore|iPhone.ActiveCfg = Debug|Any CPU
		{0217AE66-7297-49AB-B24D-3220A5246BEB}.AppStore|iPhone.Build.0 = Debug|Any CPU
		{1B8856F8-FA47-4A46-98C1-5CD288D1F8A9}.Debug|Any CPU.ActiveCfg = Debug|iPhoneSimulator
		{1B8856F8-FA47-4A46-98C1-5CD288D1F8A9}.Debug|Any CPU.Build.0 = Debug|iPhoneSimulator
		{1B8856F8-FA47-4A46-98C1-5CD288D1F8A9}.Release|Any CPU.ActiveCfg = Release|iPhoneSimulator
		{1B8856F8-FA47-4A46-98C1-5CD288D1F8A9}.Release|Any CPU.Build.0 = Release|iPhoneSimulator
		{1B8856F8-FA47-4A46-98C1-5CD288D1F8A9}.Debug|iPhoneSimulator.ActiveCfg = Debug|iPhoneSimulator
		{1B8856F8-FA47-4A46-98C1-5CD288D1F8A9}.Debug|iPhoneSimulator.Build.0 = Debug|iPhoneSimulator
		{1B8856F8-FA47-4A46-98C1-5CD288D1F8A9}.Release|iPhoneSimulator.ActiveCfg = Release|iPhoneSimulator
		{1B8856F8-FA47-4A46-98C1-5CD288D1F8A9}.Release|iPhoneSimulator.Build.0 = Release|iPhoneSimulator
		{1B8856F8-FA47-4A46-98C1-5CD288D1F8A9}.Debug|iPhone.ActiveCfg = Debug|iPhone
		{1B8856F8-FA47-4A46-98C1-5CD288D1F8A9}.Debug|iPhone.Build.0 = Debug|iPhone
		{1B8856F8-FA47-4A46-98C1-5CD288D1F8A9}.Release|iPhone.ActiveCfg = Release|iPhone
		{1B8856F8-FA47-4A46-98C1-5CD288D1F8A9}.Release|iPhone.Build.0 = Release|iPhone
		{1B8856F8-FA47-4A46-98C1-5CD288D1F8A9}.Ad-Hoc|iPhone.ActiveCfg = Ad-Hoc|iPhone
		{1B8856F8-FA47-4A46-98C1-5CD288D1F8A9}.Ad-Hoc|iPhone.Build.0 = Ad-Hoc|iPhone
		{1B8856F8-FA47-4A46-98C1-5CD288D1F8A9}.AppStore|iPhone.ActiveCfg = AppStore|iPhone
		{1B8856F8-FA47-4A46-98C1-5CD288D1F8A9}.AppStore|iPhone.Build.0 = AppStore|iPhone
		{E74A77F2-0BBE-44EB-9D4B-3E836C21C2E3}.Debug|Any CPU.ActiveCfg = Debug|Any CPU
		{E74A77F2-0BBE-44EB-9D4B-3E836C21C2E3}.Debug|Any CPU.Build.0 = Debug|Any CPU
		{E74A77F2-0BBE-44EB-9D4B-3E836C21C2E3}.Release|Any CPU.ActiveCfg = Release|Any CPU
		{E74A77F2-0BBE-44EB-9D4B-3E836C21C2E3}.Release|Any CPU.Build.0 = Release|Any CPU
		{E74A77F2-0BBE-44EB-9D4B-3E836C21C2E3}.Debug|iPhoneSimulator.ActiveCfg = Debug|Any CPU
		{E74A77F2-0BBE-44EB-9D4B-3E836C21C2E3}.Debug|iPhoneSimulator.Build.0 = Debug|Any CPU
		{E74A77F2-0BBE-44EB-9D4B-3E836C21C2E3}.Release|iPhoneSimulator.ActiveCfg = Release|Any CPU
		{E74A77F2-0BBE-44EB-9D4B-3E836C21C2E3}.Release|iPhoneSimulator.Build.0 = Release|Any CPU
		{E74A77F2-0BBE-44EB-9D4B-3E836C21C2E3}.Debug|iPhone.ActiveCfg = Debug|Any CPU
		{E74A77F2-0BBE-44EB-9D4B-3E836C21C2E3}.Debug|iPhone.Build.0 = Debug|Any CPU
		{E74A77F2-0BBE-44EB-9D4B-3E836C21C2E3}.Release|iPhone.ActiveCfg = Release|Any CPU
		{E74A77F2-0BBE-44EB-9D4B-3E836C21C2E3}.Release|iPhone.Build.0 = Release|Any CPU
		{E74A77F2-0BBE-44EB-9D4B-3E836C21C2E3}.Ad-Hoc|iPhone.ActiveCfg = Debug|Any CPU
		{E74A77F2-0BBE-44EB-9D4B-3E836C21C2E3}.Ad-Hoc|iPhone.Build.0 = Debug|Any CPU
		{E74A77F2-0BBE-44EB-9D4B-3E836C21C2E3}.AppStore|iPhone.ActiveCfg = Debug|Any CPU
		{E74A77F2-0BBE-44EB-9D4B-3E836C21C2E3}.AppStore|iPhone.Build.0 = Debug|Any CPU
	EndGlobalSection
EndGlobal
